
Microsoft Visual Studio Solution File, Format Version 11.00
# Visual Studio 2010
Project("{8BC9CEB8-8B4A-11D0-8D11-00A0C91BC942}") = "Euler", "Euler.vcxproj", "{1C847226-D7AF-495A-B914-D8D9ADCF0DDB}"
EndProject
Global
	GlobalSection(SolutionConfigurationPlatforms) = preSolution
		Debug|Win32 = Debug|Win32
		Release|Win32 = Release|Win32
	EndGlobalSection
	GlobalSection(ProjectConfigurationPlatforms) = postSolution
		{1C847226-D7AF-495A-B914-D8D9ADCF0DDB}.Debug|Win32.ActiveCfg = Debug|Win32
		{1C847226-D7AF-495A-B914-D8D9ADCF0DDB}.Debug|Win32.Build.0 = Debug|Win32
		{1C847226-D7AF-495A-B914-D8D9ADCF0DDB}.Release|Win32.ActiveCfg = Release|Win32
		{1C847226-D7AF-495A-B914-D8D9ADCF0DDB}.Release|Win32.Build.0 = Release|Win32
	EndGlobalSection
	GlobalSection(SolutionProperties) = preSolution
		HideSolutionNode = FALSE
	EndGlobalSection
EndGlobal
